
Microsoft Visual Studio Solution File, Format Version 12.00
# Visual Studio 15
Project("{FAE04EC0-301F-11D3-BF4B-00C04F79EFBC}") = "Assembly-CSharp", "Assembly-CSharp.csproj", "{FFD136C8-2E85-4970-85CE-74F0B52D5263}"
EndProject
Project("{FAE04EC0-301F-11D3-BF4B-00C04F79EFBC}") = "Assembly-CSharp-Editor", "Assembly-CSharp-Editor.csproj", "{3E740D39-676C-BC52-DB45-AEE5C0634A4E}"
EndProject
Global
	GlobalSection(SolutionConfigurationPlatforms) = preSolution
		Debug|Any CPU = Debug|Any CPU
		Release|Any CPU = Release|Any CPU
	EndGlobalSection
	GlobalSection(ProjectConfigurationPlatforms) = postSolution
		{FFD136C8-2E85-4970-85CE-74F0B52D5263}.Debug|Any CPU.ActiveCfg = Debug|Any CPU
		{FFD136C8-2E85-4970-85CE-74F0B52D5263}.Debug|Any CPU.Build.0 = Debug|Any CPU
		{FFD136C8-2E85-4970-85CE-74F0B52D5263}.Release|Any CPU.ActiveCfg = Release|Any CPU
		{FFD136C8-2E85-4970-85CE-74F0B52D5263}.Release|Any CPU.Build.0 = Release|Any CPU
		{3E740D39-676C-BC52-DB45-AEE5C0634A4E}.Debug|Any CPU.ActiveCfg = Debug|Any CPU
		{3E740D39-676C-BC52-DB45-AEE5C0634A4E}.Debug|Any CPU.Build.0 = Debug|Any CPU
		{3E740D39-676C-BC52-DB45-AEE5C0634A4E}.Release|Any CPU.ActiveCfg = Release|Any CPU
		{3E740D39-676C-BC52-DB45-AEE5C0634A4E}.Release|Any CPU.Build.0 = Release|Any CPU
	EndGlobalSection
	GlobalSection(SolutionProperties) = preSolution
		HideSolutionNode = FALSE
	EndGlobalSection
EndGlobal
